
Microsoft Visual Studio Solution File, Format Version 12.00
# Visual Studio Version 17
VisualStudioVersion = 17.6.33723.286
MinimumVisualStudioVersion = 10.0.40219.1
Project("{FAE04EC0-301F-11D3-BF4B-00C04F79EFBC}") = "MercenaryTSS", "MercenaryTSS\MercenaryTSS.csproj", "{2C5CE3DE-4D50-411D-98D6-937565FB10D8}"
EndProject
Project("{FAE04EC0-301F-11D3-BF4B-00C04F79EFBC}") = "MercenaryTSS.Test", "MercenaryTSS.Test\MercenaryTSS.Test.csproj", "{86F2D201-22A1-4A06-B269-8A16805F6F3B}"
EndProject
Global
	GlobalSection(SolutionConfigurationPlatforms) = preSolution
		Debug|Any CPU = Debug|Any CPU
		Debug|x64 = Debug|x64
		Release|Any CPU = Release|Any CPU
		Release|x64 = Release|x64
	EndGlobalSection
	GlobalSection(ProjectConfigurationPlatforms) = postSolution
		{2C5CE3DE-4D50-411D-98D6-937565FB10D8}.Debug|Any CPU.ActiveCfg = Debug|Any CPU
		{2C5CE3DE-4D50-411D-98D6-937565FB10D8}.Debug|Any CPU.Build.0 = Debug|Any CPU
		{2C5CE3DE-4D50-411D-98D6-937565FB10D8}.Debug|x64.ActiveCfg = Debug|x64
		{2C5CE3DE-4D50-411D-98D6-937565FB10D8}.Debug|x64.Build.0 = Debug|x64
		{2C5CE3DE-4D50-411D-98D6-937565FB10D8}.Release|Any CPU.ActiveCfg = Release|Any CPU
		{2C5CE3DE-4D50-411D-98D6-937565FB10D8}.Release|Any CPU.Build.0 = Release|Any CPU
		{2C5CE3DE-4D50-411D-98D6-937565FB10D8}.Release|x64.ActiveCfg = Release|x64
		{2C5CE3DE-4D50-411D-98D6-937565FB10D8}.Release|x64.Build.0 = Release|x64
		{86F2D201-22A1-4A06-B269-8A16805F6F3B}.Debug|Any CPU.ActiveCfg = Debug|Any CPU
		{86F2D201-22A1-4A06-B269-8A16805F6F3B}.Debug|Any CPU.Build.0 = Debug|Any CPU
		{86F2D201-22A1-4A06-B269-8A16805F6F3B}.Debug|x64.ActiveCfg = Debug|x64
		{86F2D201-22A1-4A06-B269-8A16805F6F3B}.Debug|x64.Build.0 = Debug|x64
		{86F2D201-22A1-4A06-B269-8A16805F6F3B}.Release|Any CPU.ActiveCfg = Release|Any CPU
		{86F2D201-22A1-4A06-B269-8A16805F6F3B}.Release|Any CPU.Build.0 = Release|Any CPU
		{86F2D201-22A1-4A06-B269-8A16805F6F3B}.Release|x64.ActiveCfg = Release|x64
		{86F2D201-22A1-4A06-B269-8A16805F6F3B}.Release|x64.Build.0 = Release|x64
	EndGlobalSection
	GlobalSection(SolutionProperties) = preSolution
		HideSolutionNode = FALSE
	EndGlobalSection
	GlobalSection(ExtensibilityGlobals) = postSolution
		SolutionGuid = {07D4448A-661C-40D8-A383-7F9AEEC6B24A}
	EndGlobalSection
EndGlobal
